
Microsoft Visual Studio Solution File, Format Version 12.00
# Visual Studio Version 17
VisualStudioVersion = 17.9.34607.119
MinimumVisualStudioVersion = 10.0.40219.1
Project("{9A19103F-16F7-4668-BE54-9A1E7A4F7556}") = "Main", "P360V1\Main.csproj", "{4E2A7398-5511-443E-8B1D-9A0358BF99B8}"
EndProject
Project("{9A19103F-16F7-4668-BE54-9A1E7A4F7556}") = "Libs", "Libs\Libs.csproj", "{BE548EB5-7808-47AA-979B-56B625214201}"
EndProject
Project("{2150E333-8FDC-42A3-9474-1A3956D46DE8}") = "Solution Items", "Solution Items", "{8624763C-0D16-43D0-B158-457365BF1F32}"
	ProjectSection(SolutionItems) = preProject
		.editorconfig = .editorconfig
	EndProjectSection
EndProject
Global
	GlobalSection(SolutionConfigurationPlatforms) = preSolution
		Debug|Any CPU = Debug|Any CPU
		Release|Any CPU = Release|Any CPU
	EndGlobalSection
	GlobalSection(ProjectConfigurationPlatforms) = postSolution
		{4E2A7398-5511-443E-8B1D-9A0358BF99B8}.Debug|Any CPU.ActiveCfg = Debug|Any CPU
		{4E2A7398-5511-443E-8B1D-9A0358BF99B8}.Debug|Any CPU.Build.0 = Debug|Any CPU
		{4E2A7398-5511-443E-8B1D-9A0358BF99B8}.Release|Any CPU.ActiveCfg = Release|Any CPU
		{4E2A7398-5511-443E-8B1D-9A0358BF99B8}.Release|Any CPU.Build.0 = Release|Any CPU
		{BE548EB5-7808-47AA-979B-56B625214201}.Debug|Any CPU.ActiveCfg = Debug|Any CPU
		{BE548EB5-7808-47AA-979B-56B625214201}.Debug|Any CPU.Build.0 = Debug|Any CPU
		{BE548EB5-7808-47AA-979B-56B625214201}.Release|Any CPU.ActiveCfg = Release|Any CPU
		{BE548EB5-7808-47AA-979B-56B625214201}.Release|Any CPU.Build.0 = Release|Any CPU
	EndGlobalSection
	GlobalSection(SolutionProperties) = preSolution
		HideSolutionNode = FALSE
	EndGlobalSection
	GlobalSection(ExtensibilityGlobals) = postSolution
		SolutionGuid = {422221BA-289B-4FE1-B359-B184EF265DC8}
	EndGlobalSection
EndGlobal
